
Microsoft Visual Studio Solution File, Format Version 12.00
# Visual Studio Version 16
VisualStudioVersion = 16.0.30517.126
MinimumVisualStudioVersion = 10.0.40219.1
Project("{FAE04EC0-301F-11D3-BF4B-00C04F79EFBC}") = "LibraryDeweyApp", "Educational_Website_game\LibraryDeweyApp.csproj", "{724D8934-4557-402A-89FB-846B5EC0A5C6}"
EndProject
Global
	GlobalSection(SolutionConfigurationPlatforms) = preSolution
		Debug|Any CPU = Debug|Any CPU
		Release|Any CPU = Release|Any CPU
	EndGlobalSection
	GlobalSection(ProjectConfigurationPlatforms) = postSolution
		{724D8934-4557-402A-89FB-846B5EC0A5C6}.Debug|Any CPU.ActiveCfg = Debug|Any CPU
		{724D8934-4557-402A-89FB-846B5EC0A5C6}.Debug|Any CPU.Build.0 = Debug|Any CPU
		{724D8934-4557-402A-89FB-846B5EC0A5C6}.Release|Any CPU.ActiveCfg = Release|Any CPU
		{724D8934-4557-402A-89FB-846B5EC0A5C6}.Release|Any CPU.Build.0 = Release|Any CPU
	EndGlobalSection
	GlobalSection(SolutionProperties) = preSolution
		HideSolutionNode = FALSE
	EndGlobalSection
	GlobalSection(ExtensibilityGlobals) = postSolution
		SolutionGuid = {F06B0500-E842-4DA7-AC6D-F219581BAB75}
	EndGlobalSection
EndGlobal
